
Microsoft Visual Studio Solution File, Format Version 12.00
# Visual Studio 15
VisualStudioVersion = 15.0.27130.2010
MinimumVisualStudioVersion = 10.0.40219.1
Project("{FAE04EC0-301F-11D3-BF4B-00C04F79EFBC}") = "Prism700p5Try", "Prism700p5Try\Prism700p5Try\Prism700p5Try.csproj", "{E7DAC06D-1F84-4450-B03F-A18FC81CC983}"
EndProject
Project("{FAE04EC0-301F-11D3-BF4B-00C04F79EFBC}") = "Prism700p5Try.Android", "Prism700p5Try\Prism700p5Try.Android\Prism700p5Try.Android.csproj", "{2F554C7E-C5F3-45BC-98AA-CACE6BBA3F1D}"
EndProject
Project("{FAE04EC0-301F-11D3-BF4B-00C04F79EFBC}") = "Prism700p5Try.iOS", "Prism700p5Try\Prism700p5Try.iOS\Prism700p5Try.iOS.csproj", "{8C14A943-EF4B-41F3-802C-ABBCF5421C66}"
EndProject
Global
	GlobalSection(SolutionConfigurationPlatforms) = preSolution
		Ad-Hoc|Any CPU = Ad-Hoc|Any CPU
		Ad-Hoc|iPhone = Ad-Hoc|iPhone
		Ad-Hoc|iPhoneSimulator = Ad-Hoc|iPhoneSimulator
		AppStore|Any CPU = AppStore|Any CPU
		AppStore|iPhone = AppStore|iPhone
		AppStore|iPhoneSimulator = AppStore|iPhoneSimulator
		Debug|Any CPU = Debug|Any CPU
		Debug|iPhone = Debug|iPhone
		Debug|iPhoneSimulator = Debug|iPhoneSimulator
		Release|Any CPU = Release|Any CPU
		Release|iPhone = Release|iPhone
		Release|iPhoneSimulator = Release|iPhoneSimulator
	EndGlobalSection
	GlobalSection(ProjectConfigurationPlatforms) = postSolution
		{E7DAC06D-1F84-4450-B03F-A18FC81CC983}.Ad-Hoc|Any CPU.ActiveCfg = Debug|Any CPU
		{E7DAC06D-1F84-4450-B03F-A18FC81CC983}.Ad-Hoc|Any CPU.Build.0 = Debug|Any CPU
		{E7DAC06D-1F84-4450-B03F-A18FC81CC983}.Ad-Hoc|iPhone.ActiveCfg = Debug|Any CPU
		{E7DAC06D-1F84-4450-B03F-A18FC81CC983}.Ad-Hoc|iPhone.Build.0 = Debug|Any CPU
		{E7DAC06D-1F84-4450-B03F-A18FC81CC983}.Ad-Hoc|iPhoneSimulator.ActiveCfg = Debug|Any CPU
		{E7DAC06D-1F84-4450-B03F-A18FC81CC983}.Ad-Hoc|iPhoneSimulator.Build.0 = Debug|Any CPU
		{E7DAC06D-1F84-4450-B03F-A18FC81CC983}.AppStore|Any CPU.ActiveCfg = Debug|Any CPU
		{E7DAC06D-1F84-4450-B03F-A18FC81CC983}.AppStore|Any CPU.Build.0 = Debug|Any CPU
		{E7DAC06D-1F84-4450-B03F-A18FC81CC983}.AppStore|iPhone.ActiveCfg = Debug|Any CPU
		{E7DAC06D-1F84-4450-B03F-A18FC81CC983}.AppStore|iPhone.Build.0 = Debug|Any CPU
		{E7DAC06D-1F84-4450-B03F-A18FC81CC983}.AppStore|iPhoneSimulator.ActiveCfg = Debug|Any CPU
		{E7DAC06D-1F84-4450-B03F-A18FC81CC983}.AppStore|iPhoneSimulator.Build.0 = Debug|Any CPU
		{E7DAC06D-1F84-4450-B03F-A18FC81CC983}.Debug|Any CPU.ActiveCfg = Debug|Any CPU
		{E7DAC06D-1F84-4450-B03F-A18FC81CC983}.Debug|Any CPU.Build.0 = Debug|Any CPU
		{E7DAC06D-1F84-4450-B03F-A18FC81CC983}.Debug|iPhone.ActiveCfg = Debug|Any CPU
		{E7DAC06D-1F84-4450-B03F-A18FC81CC983}.Debug|iPhone.Build.0 = Debug|Any CPU
		{E7DAC06D-1F84-4450-B03F-A18FC81CC983}.Debug|iPhoneSimulator.ActiveCfg = Debug|Any CPU
		{E7DAC06D-1F84-4450-B03F-A18FC81CC983}.Debug|iPhoneSimulator.Build.0 = Debug|Any CPU
		{E7DAC06D-1F84-4450-B03F-A18FC81CC983}.Release|Any CPU.ActiveCfg = Release|Any CPU
		{E7DAC06D-1F84-4450-B03F-A18FC81CC983}.Release|Any CPU.Build.0 = Release|Any CPU
		{E7DAC06D-1F84-4450-B03F-A18FC81CC983}.Release|iPhone.ActiveCfg = Release|Any CPU
		{E7DAC06D-1F84-4450-B03F-A18FC81CC983}.Release|iPhone.Build.0 = Release|Any CPU
		{E7DAC06D-1F84-4450-B03F-A18FC81CC983}.Release|iPhoneSimulator.ActiveCfg = Release|Any CPU
		{E7DAC06D-1F84-4450-B03F-A18FC81CC983}.Release|iPhoneSimulator.Build.0 = Release|Any CPU
		{2F554C7E-C5F3-45BC-98AA-CACE6BBA3F1D}.Ad-Hoc|Any CPU.ActiveCfg = Release|Any CPU
		{2F554C7E-C5F3-45BC-98AA-CACE6BBA3F1D}.Ad-Hoc|Any CPU.Build.0 = Release|Any CPU
		{2F554C7E-C5F3-45BC-98AA-CACE6BBA3F1D}.Ad-Hoc|Any CPU.Deploy.0 = Release|Any CPU
		{2F554C7E-C5F3-45BC-98AA-CACE6BBA3F1D}.Ad-Hoc|iPhone.ActiveCfg = Release|Any CPU
		{2F554C7E-C5F3-45BC-98AA-CACE6BBA3F1D}.Ad-Hoc|iPhone.Build.0 = Release|Any CPU
		{2F554C7E-C5F3-45BC-98AA-CACE6BBA3F1D}.Ad-Hoc|iPhone.Deploy.0 = Release|Any CPU
		{2F554C7E-C5F3-45BC-98AA-CACE6BBA3F1D}.Ad-Hoc|iPhoneSimulator.ActiveCfg = Release|Any CPU
		{2F554C7E-C5F3-45BC-98AA-CACE6BBA3F1D}.Ad-Hoc|iPhoneSimulator.Build.0 = Release|Any CPU
		{2F554C7E-C5F3-45BC-98AA-CACE6BBA3F1D}.Ad-Hoc|iPhoneSimulator.Deploy.0 = Release|Any CPU
		{2F554C7E-C5F3-45BC-98AA-CACE6BBA3F1D}.AppStore|Any CPU.ActiveCfg = Release|Any CPU
		{2F554C7E-C5F3-45BC-98AA-CACE6BBA3F1D}.AppStore|Any CPU.Build.0 = Release|Any CPU
		{2F554C7E-C5F3-45BC-98AA-CACE6BBA3F1D}.AppStore|Any CPU.Deploy.0 = Release|Any CPU
		{2F554C7E-C5F3-45BC-98AA-CACE6BBA3F1D}.AppStore|iPhone.ActiveCfg = Release|Any CPU
		{2F554C7E-C5F3-45BC-98AA-CACE6BBA3F1D}.AppStore|iPhone.Build.0 = Release|Any CPU
		{2F554C7E-C5F3-45BC-98AA-CACE6BBA3F1D}.AppStore|iPhone.Deploy.0 = Release|Any CPU
		{2F554C7E-C5F3-45BC-98AA-CACE6BBA3F1D}.AppStore|iPhoneSimulator.ActiveCfg = Release|Any CPU
		{2F554C7E-C5F3-45BC-98AA-CACE6BBA3F1D}.AppStore|iPhoneSimulator.Build.0 = Release|Any CPU
		{2F554C7E-C5F3-45BC-98AA-CACE6BBA3F1D}.AppStore|iPhoneSimulator.Deploy.0 = Release|Any CPU
		{2F554C7E-C5F3-45BC-98AA-CACE6BBA3F1D}.Debug|Any CPU.ActiveCfg = Debug|Any CPU
		{2F554C7E-C5F3-45BC-98AA-CACE6BBA3F1D}.Debug|Any CPU.Build.0 = Debug|Any CPU
		{2F554C7E-C5F3-45BC-98AA-CACE6BBA3F1D}.Debug|Any CPU.Deploy.0 = Debug|Any CPU
		{2F554C7E-C5F3-45BC-98AA-CACE6BBA3F1D}.Debug|iPhone.ActiveCfg = Debug|Any CPU
		{2F554C7E-C5F3-45BC-98AA-CACE6BBA3F1D}.Debug|iPhone.Build.0 = Debug|Any CPU
		{2F554C7E-C5F3-45BC-98AA-CACE6BBA3F1D}.Debug|iPhone.Deploy.0 = Debug|Any CPU
		{2F554C7E-C5F3-45BC-98AA-CACE6BBA3F1D}.Debug|iPhoneSimulator.ActiveCfg = Debug|Any CPU
		{2F554C7E-C5F3-45BC-98AA-CACE6BBA3F1D}.Debug|iPhoneSimulator.Build.0 = Debug|Any CPU
		{2F554C7E-C5F3-45BC-98AA-CACE6BBA3F1D}.Debug|iPhoneSimulator.Deploy.0 = Debug|Any CPU
		{2F554C7E-C5F3-45BC-98AA-CACE6BBA3F1D}.Release|Any CPU.ActiveCfg = Release|Any CPU
		{2F554C7E-C5F3-45BC-98AA-CACE6BBA3F1D}.Release|Any CPU.Build.0 = Release|Any CPU
		{2F554C7E-C5F3-45BC-98AA-CACE6BBA3F1D}.Release|Any CPU.Deploy.0 = Release|Any CPU
		{2F554C7E-C5F3-45BC-98AA-CACE6BBA3F1D}.Release|iPhone.ActiveCfg = Release|Any CPU
		{2F554C7E-C5F3-45BC-98AA-CACE6BBA3F1D}.Release|iPhone.Build.0 = Release|Any CPU
		{2F554C7E-C5F3-45BC-98AA-CACE6BBA3F1D}.Release|iPhone.Deploy.0 = Release|Any CPU
		{2F554C7E-C5F3-45BC-98AA-CACE6BBA3F1D}.Release|iPhoneSimulator.ActiveCfg = Release|Any CPU
		{2F554C7E-C5F3-45BC-98AA-CACE6BBA3F1D}.Release|iPhoneSimulator.Build.0 = Release|Any CPU
		{2F554C7E-C5F3-45BC-98AA-CACE6BBA3F1D}.Release|iPhoneSimulator.Deploy.0 = Release|Any CPU
		{8C14A943-EF4B-41F3-802C-ABBCF5421C66}.Ad-Hoc|Any CPU.ActiveCfg = Ad-Hoc|iPhone
		{8C14A943-EF4B-41F3-802C-ABBCF5421C66}.Ad-Hoc|iPhone.ActiveCfg = Ad-Hoc|iPhone
		{8C14A943-EF4B-41F3-802C-ABBCF5421C66}.Ad-Hoc|iPhone.Build.0 = Ad-Hoc|iPhone
		{8C14A943-EF4B-41F3-802C-ABBCF5421C66}.Ad-Hoc|iPhoneSimulator.ActiveCfg = Ad-Hoc|iPhoneSimulator
		{8C14A943-EF4B-41F3-802C-ABBCF5421C66}.Ad-Hoc|iPhoneSimulator.Build.0 = Ad-Hoc|iPhoneSimulator
		{8C14A943-EF4B-41F3-802C-ABBCF5421C66}.AppStore|Any CPU.ActiveCfg = AppStore|iPhone
		{8C14A943-EF4B-41F3-802C-ABBCF5421C66}.AppStore|iPhone.ActiveCfg = AppStore|iPhone
		{8C14A943-EF4B-41F3-802C-ABBCF5421C66}.AppStore|iPhone.Build.0 = AppStore|iPhone
		{8C14A943-EF4B-41F3-802C-ABBCF5421C66}.AppStore|iPhoneSimulator.ActiveCfg = AppStore|iPhoneSimulator
		{8C14A943-EF4B-41F3-802C-ABBCF5421C66}.AppStore|iPhoneSimulator.Build.0 = AppStore|iPhoneSimulator
		{8C14A943-EF4B-41F3-802C-ABBCF5421C66}.Debug|Any CPU.ActiveCfg = Debug|iPhone
		{8C14A943-EF4B-41F3-802C-ABBCF5421C66}.Debug|iPhone.ActiveCfg = Debug|iPhone
		{8C14A943-EF4B-41F3-802C-ABBCF5421C66}.Debug|iPhone.Build.0 = Debug|iPhone
		{8C14A943-EF4B-41F3-802C-ABBCF5421C66}.Debug|iPhoneSimulator.ActiveCfg = Debug|iPhoneSimulator
		{8C14A943-EF4B-41F3-802C-ABBCF5421C66}.Debug|iPhoneSimulator.Build.0 = Debug|iPhoneSimulator
		{8C14A943-EF4B-41F3-802C-ABBCF5421C66}.Release|Any CPU.ActiveCfg = Release|iPhone
		{8C14A943-EF4B-41F3-802C-ABBCF5421C66}.Release|iPhone.ActiveCfg = Release|iPhone
		{8C14A943-EF4B-41F3-802C-ABBCF5421C66}.Release|iPhone.Build.0 = Release|iPhone
		{8C14A943-EF4B-41F3-802C-ABBCF5421C66}.Release|iPhoneSimulator.ActiveCfg = Release|iPhoneSimulator
		{8C14A943-EF4B-41F3-802C-ABBCF5421C66}.Release|iPhoneSimulator.Build.0 = Release|iPhoneSimulator
	EndGlobalSection
	GlobalSection(SolutionProperties) = preSolution
		HideSolutionNode = FALSE
	EndGlobalSection
	GlobalSection(ExtensibilityGlobals) = postSolution
		SolutionGuid = {2A7EE587-A32F-455C-AA18-0E25AA7D1DC2}
	EndGlobalSection
EndGlobal
